
Microsoft Visual Studio Solution File, Format Version 12.00
# Visual Studio Version 16
VisualStudioVersion = 16.0.29806.167
MinimumVisualStudioVersion = 10.0.40219.1
Project("{FAE04EC0-301F-11D3-BF4B-00C04F79EFBC}") = "BankSystem_exceptions", "BankSystem_exceptions.csproj", "{BC7444B2-2A9B-4D45-B392-C88BB869E992}"
EndProject
Global
	GlobalSection(SolutionConfigurationPlatforms) = preSolution
		Debug|Any CPU = Debug|Any CPU
		Release|Any CPU = Release|Any CPU
	EndGlobalSection
	GlobalSection(ProjectConfigurationPlatforms) = postSolution
		{BC7444B2-2A9B-4D45-B392-C88BB869E992}.Debug|Any CPU.ActiveCfg = Debug|Any CPU
		{BC7444B2-2A9B-4D45-B392-C88BB869E992}.Debug|Any CPU.Build.0 = Debug|Any CPU
		{BC7444B2-2A9B-4D45-B392-C88BB869E992}.Release|Any CPU.ActiveCfg = Release|Any CPU
		{BC7444B2-2A9B-4D45-B392-C88BB869E992}.Release|Any CPU.Build.0 = Release|Any CPU
	EndGlobalSection
	GlobalSection(SolutionProperties) = preSolution
		HideSolutionNode = FALSE
	EndGlobalSection
	GlobalSection(ExtensibilityGlobals) = postSolution
		SolutionGuid = {979CE00A-982B-42D9-B783-3EBDC74BCFBB}
	EndGlobalSection
EndGlobal
